
Microsoft Visual Studio Solution File, Format Version 12.00
# Visual Studio Version 17
VisualStudioVersion = 17.10.35122.118
MinimumVisualStudioVersion = 10.0.40219.1
Project("{FAE04EC0-301F-11D3-BF4B-00C04F79EFBC}") = "WebProject", "WebProject\WebProject.csproj", "{894FB733-D658-45E5-8844-FDF9C7749302}"
EndProject
Global
	GlobalSection(SolutionConfigurationPlatforms) = preSolution
		Debug|Any CPU = Debug|Any CPU
		Release|Any CPU = Release|Any CPU
	EndGlobalSection
	GlobalSection(ProjectConfigurationPlatforms) = postSolution
		{894FB733-D658-45E5-8844-FDF9C7749302}.Debug|Any CPU.ActiveCfg = Debug|Any CPU
		{894FB733-D658-45E5-8844-FDF9C7749302}.Debug|Any CPU.Build.0 = Debug|Any CPU
		{894FB733-D658-45E5-8844-FDF9C7749302}.Release|Any CPU.ActiveCfg = Release|Any CPU
		{894FB733-D658-45E5-8844-FDF9C7749302}.Release|Any CPU.Build.0 = Release|Any CPU
	EndGlobalSection
	GlobalSection(SolutionProperties) = preSolution
		HideSolutionNode = FALSE
	EndGlobalSection
	GlobalSection(ExtensibilityGlobals) = postSolution
		SolutionGuid = {BB9702FD-2E44-4776-9EF4-FA604FE1D918}
	EndGlobalSection
EndGlobal
